// !$*UTF8*$!
{
	archiveVersion = 1;
	classes = {
	};
	objectVersion = 52;
	objects = {

/* Begin PBXBuildFile section */
		06D483F34FC3B862F2B0DEDE /* Pods_FacebookLoginSample.framework in Frameworks */ = {isa = PBXBuildFile; fileRef = FDD02D8496955547841F8DC2 /* Pods_FacebookLoginSample.framework */; };
		683760F524270F8F0008F2AD /* FacebookLogin in Frameworks */ = {isa = PBXBuildFile; productRef = 683760F424270F8F0008F2AD /* FacebookLogin */; };
		683760F724270F8F0008F2AD /* FacebookCore in Frameworks */ = {isa = PBXBuildFile; productRef = 683760F624270F8F0008F2AD /* FacebookCore */; };
		683F9AEB22D1795D00BD3679 /* AppDelegate.swift in Sources */ = {isa = PBXBuildFile; fileRef = 683F9AEA22D1795D00BD3679 /* AppDelegate.swift */; };
		683F9AF022D1795D00BD3679 /* Main.storyboard in Resources */ = {isa = PBXBuildFile; fileRef = 683F9AEE22D1795D00BD3679 /* Main.storyboard */; };
		683F9AF222D1795E00BD3679 /* Assets.xcassets in Resources */ = {isa = PBXBuildFile; fileRef = 683F9AF122D1795E00BD3679 /* Assets.xcassets */; };
		683F9AF522D1795E00BD3679 /* LaunchScreen.storyboard in Resources */ = {isa = PBXBuildFile; fileRef = 683F9AF322D1795E00BD3679 /* LaunchScreen.storyboard */; };
		683F9B1522D1C09100BD3679 /* User.swift in Sources */ = {isa = PBXBuildFile; fileRef = 683F9B1422D1C09100BD3679 /* User.swift */; };
		683F9B2322D1F1FF00BD3679 /* FBLoingContract.swift in Sources */ = {isa = PBXBuildFile; fileRef = 683F9B2222D1F1FF00BD3679 /* FBLoingContract.swift */; };
		683F9B2922D1FA8800BD3679 /* FBLoginRouter.swift in Sources */ = {isa = PBXBuildFile; fileRef = 683F9B2822D1FA8800BD3679 /* FBLoginRouter.swift */; };
		683F9B2B22D1FAEC00BD3679 /* FBLogin.storyboard in Resources */ = {isa = PBXBuildFile; fileRef = 683F9B2A22D1FAEC00BD3679 /* FBLogin.storyboard */; };
		683F9B2D22D1FB4A00BD3679 /* FBLoginViewController.swift in Sources */ = {isa = PBXBuildFile; fileRef = 683F9B2C22D1FB4A00BD3679 /* FBLoginViewController.swift */; };
		683F9B2F22D2319C00BD3679 /* FBLoginInteractor.swift in Sources */ = {isa = PBXBuildFile; fileRef = 683F9B2E22D2319C00BD3679 /* FBLoginInteractor.swift */; };
		683F9B3122D2373900BD3679 /* FBLoginPresenter.swift in Sources */ = {isa = PBXBuildFile; fileRef = 683F9B3022D2373900BD3679 /* FBLoginPresenter.swift */; };
		683F9B3522D248CB00BD3679 /* R.generated.swift in Sources */ = {isa = PBXBuildFile; fileRef = 683F9B3422D248CB00BD3679 /* R.generated.swift */; };
		683F9B3722D2595A00BD3679 /* RootWireframe.swift in Sources */ = {isa = PBXBuildFile; fileRef = 683F9B3622D2595A00BD3679 /* RootWireframe.swift */; };
		683F9B3922D259C500BD3679 /* RootRouter.swift in Sources */ = {isa = PBXBuildFile; fileRef = 683F9B3822D259C500BD3679 /* RootRouter.swift */; };
		683F9B3D22D4D31F00BD3679 /* FBParameters.swift in Sources */ = {isa = PBXBuildFile; fileRef = 683F9B3C22D4D31F00BD3679 /* FBParameters.swift */; };
/* End PBXBuildFile section */

/* Begin PBXFileReference section */
		683F9AE722D1795D00BD3679 /* FacebookLoginSample.app */ = {isa = PBXFileReference; explicitFileType = wrapper.application; includeInIndex = 0; path = FacebookLoginSample.app; sourceTree = BUILT_PRODUCTS_DIR; };
		683F9AEA22D1795D00BD3679 /* AppDelegate.swift */ = {isa = PBXFileReference; lastKnownFileType = sourcecode.swift; path = AppDelegate.swift; sourceTree = "<group>"; };
		683F9AEF22D1795D00BD3679 /* Base */ = {isa = PBXFileReference; lastKnownFileType = file.storyboard; name = Base; path = Base.lproj/Main.storyboard; sourceTree = "<group>"; };
		683F9AF122D1795E00BD3679 /* Assets.xcassets */ = {isa = PBXFileReference; lastKnownFileType = folder.assetcatalog; path = Assets.xcassets; sourceTree = "<group>"; };
		683F9AF422D1795E00BD3679 /* Base */ = {isa = PBXFileReference; lastKnownFileType = file.storyboard; name = Base; path = Base.lproj/LaunchScreen.storyboard; sourceTree = "<group>"; };
		683F9AF622D1795E00BD3679 /* Info.plist */ = {isa = PBXFileReference; lastKnownFileType = text.plist.xml; path = Info.plist; sourceTree = "<group>"; };
		683F9AFC22D18BCC00BD3679 /* FacebookLoginSample.entitlements */ = {isa = PBXFileReference; lastKnownFileType = text.plist.entitlements; path = FacebookLoginSample.entitlements; sourceTree = "<group>"; };
		683F9B1422D1C09100BD3679 /* User.swift */ = {isa = PBXFileReference; lastKnownFileType = sourcecode.swift; path = User.swift; sourceTree = "<group>"; };
		683F9B2222D1F1FF00BD3679 /* FBLoingContract.swift */ = {isa = PBXFileReference; lastKnownFileType = sourcecode.swift; path = FBLoingContract.swift; sourceTree = "<group>"; };
		683F9B2822D1FA8800BD3679 /* FBLoginRouter.swift */ = {isa = PBXFileReference; lastKnownFileType = sourcecode.swift; path = FBLoginRouter.swift; sourceTree = "<group>"; };
		683F9B2A22D1FAEC00BD3679 /* FBLogin.storyboard */ = {isa = PBXFileReference; lastKnownFileType = file.storyboard; path = FBLogin.storyboard; sourceTree = "<group>"; };
		683F9B2C22D1FB4A00BD3679 /* FBLoginViewController.swift */ = {isa = PBXFileReference; lastKnownFileType = sourcecode.swift; path = FBLoginViewController.swift; sourceTree = "<group>"; };
		683F9B2E22D2319C00BD3679 /* FBLoginInteractor.swift */ = {isa = PBXFileReference; lastKnownFileType = sourcecode.swift; path = FBLoginInteractor.swift; sourceTree = "<group>"; };
		683F9B3022D2373900BD3679 /* FBLoginPresenter.swift */ = {isa = PBXFileReference; lastKnownFileType = sourcecode.swift; path = FBLoginPresenter.swift; sourceTree = "<group>"; };
		683F9B3422D248CB00BD3679 /* R.generated.swift */ = {isa = PBXFileReference; fileEncoding = 4; lastKnownFileType = sourcecode.swift; path = R.generated.swift; sourceTree = SOURCE_ROOT; };
		683F9B3622D2595A00BD3679 /* RootWireframe.swift */ = {isa = PBXFileReference; lastKnownFileType = sourcecode.swift; path = RootWireframe.swift; sourceTree = "<group>"; };
		683F9B3822D259C500BD3679 /* RootRouter.swift */ = {isa = PBXFileReference; lastKnownFileType = sourcecode.swift; path = RootRouter.swift; sourceTree = "<group>"; };
		683F9B3C22D4D31F00BD3679 /* FBParameters.swift */ = {isa = PBXFileReference; lastKnownFileType = sourcecode.swift; path = FBParameters.swift; sourceTree = "<group>"; };
		941A834B158C03D53D531B71 /* Pods-FacebookLoginSample.debug.xcconfig */ = {isa = PBXFileReference; includeInIndex = 1; lastKnownFileType = text.xcconfig; name = "Pods-FacebookLoginSample.debug.xcconfig"; path = "Target Support Files/Pods-FacebookLoginSample/Pods-FacebookLoginSample.debug.xcconfig"; sourceTree = "<group>"; };
		A96FECA15E2F46914A2B158A /* Pods-FacebookLoginSample.release.xcconfig */ = {isa = PBXFileReference; includeInIndex = 1; lastKnownFileType = text.xcconfig; name = "Pods-FacebookLoginSample.release.xcconfig"; path = "Target Support Files/Pods-FacebookLoginSample/Pods-FacebookLoginSample.release.xcconfig"; sourceTree = "<group>"; };
		FDD02D8496955547841F8DC2 /* Pods_FacebookLoginSample.framework */ = {isa = PBXFileReference; explicitFileType = wrapper.framework; includeInIndex = 0; path = Pods_FacebookLoginSample.framework; sourceTree = BUILT_PRODUCTS_DIR; };
/* End PBXFileReference section */

/* Begin PBXFrameworksBuildPhase section */
		683F9AE422D1795D00BD3679 /* Frameworks */ = {
			isa = PBXFrameworksBuildPhase;
			buildActionMask = 2147483647;
			files = (
				683760F524270F8F0008F2AD /* FacebookLogin in Frameworks */,
				683760F724270F8F0008F2AD /* FacebookCore in Frameworks */,
				06D483F34FC3B862F2B0DEDE /* Pods_FacebookLoginSample.framework in Frameworks */,
			);
			runOnlyForDeploymentPostprocessing = 0;
		};
/* End PBXFrameworksBuildPhase section */

/* Begin PBXGroup section */
		493A32692254F97B72AFDB49 /* Pods */ = {
			isa = PBXGroup;
			children = (
				941A834B158C03D53D531B71 /* Pods-FacebookLoginSample.debug.xcconfig */,
				A96FECA15E2F46914A2B158A /* Pods-FacebookLoginSample.release.xcconfig */,
			);
			path = Pods;
			sourceTree = "<group>";
		};
		683F9ADE22D1795D00BD3679 = {
			isa = PBXGroup;
			children = (
				683F9AE922D1795D00BD3679 /* FacebookLoginSample */,
				683F9AE822D1795D00BD3679 /* Products */,
				493A32692254F97B72AFDB49 /* Pods */,
				7EA955FD7123A46E88079758 /* Frameworks */,
			);
			sourceTree = "<group>";
		};
		683F9AE822D1795D00BD3679 /* Products */ = {
			isa = PBXGroup;
			children = (
				683F9AE722D1795D00BD3679 /* FacebookLoginSample.app */,
			);
			name = Products;
			sourceTree = "<group>";
		};
		683F9AE922D1795D00BD3679 /* FacebookLoginSample */ = {
			isa = PBXGroup;
			children = (
				683F9B3322D2489A00BD3679 /* Resource */,
				683F9B2422D1F3C000BD3679 /* Extensions */,
				683F9B1A22D1F0CF00BD3679 /* Modules */,
				683F9B1722D1F09000BD3679 /* Models */,
				683F9B1622D1F07300BD3679 /* Application */,
				683F9AEE22D1795D00BD3679 /* Main.storyboard */,
			);
			path = FacebookLoginSample;
			sourceTree = "<group>";
		};
		683F9B1622D1F07300BD3679 /* Application */ = {
			isa = PBXGroup;
			children = (
				683F9AEA22D1795D00BD3679 /* AppDelegate.swift */,
			);
			path = Application;
			sourceTree = "<group>";
		};
		683F9B1722D1F09000BD3679 /* Models */ = {
			isa = PBXGroup;
			children = (
				683F9B1822D1F0A400BD3679 /* Realm */,
			);
			path = Models;
			sourceTree = "<group>";
		};
		683F9B1822D1F0A400BD3679 /* Realm */ = {
			isa = PBXGroup;
			children = (
				683F9B1422D1C09100BD3679 /* User.swift */,
			);
			path = Realm;
			sourceTree = "<group>";
		};
		683F9B1A22D1F0CF00BD3679 /* Modules */ = {
			isa = PBXGroup;
			children = (
				683F9B1B22D1F0E200BD3679 /* Root */,
				683F9B1C22D1F0EC00BD3679 /* FBLogin */,
			);
			path = Modules;
			sourceTree = "<group>";
		};
		683F9B1B22D1F0E200BD3679 /* Root */ = {
			isa = PBXGroup;
			children = (
				683F9B3622D2595A00BD3679 /* RootWireframe.swift */,
				683F9B3822D259C500BD3679 /* RootRouter.swift */,
			);
			path = Root;
			sourceTree = "<group>";
		};
		683F9B1C22D1F0EC00BD3679 /* FBLogin */ = {
			isa = PBXGroup;
			children = (
				683F9B2122D1F14800BD3679 /* View */,
				683F9B2022D1F13E00BD3679 /* Router */,
				683F9B1F22D1F13600BD3679 /* Presenter */,
				683F9B1E22D1F12A00BD3679 /* Interactor */,
				683F9B1D22D1F11E00BD3679 /* Contract */,
			);
			path = FBLogin;
			sourceTree = "<group>";
		};
		683F9B1D22D1F11E00BD3679 /* Contract */ = {
			isa = PBXGroup;
			children = (
				683F9B2222D1F1FF00BD3679 /* FBLoingContract.swift */,
			);
			path = Contract;
			sourceTree = "<group>";
		};
		683F9B1E22D1F12A00BD3679 /* Interactor */ = {
			isa = PBXGroup;
			children = (
				683F9B2E22D2319C00BD3679 /* FBLoginInteractor.swift */,
			);
			path = Interactor;
			sourceTree = "<group>";
		};
		683F9B1F22D1F13600BD3679 /* Presenter */ = {
			isa = PBXGroup;
			children = (
				683F9B3022D2373900BD3679 /* FBLoginPresenter.swift */,
			);
			path = Presenter;
			sourceTree = "<group>";
		};
		683F9B2022D1F13E00BD3679 /* Router */ = {
			isa = PBXGroup;
			children = (
				683F9B2822D1FA8800BD3679 /* FBLoginRouter.swift */,
			);
			path = Router;
			sourceTree = "<group>";
		};
		683F9B2122D1F14800BD3679 /* View */ = {
			isa = PBXGroup;
			children = (
				683F9B2A22D1FAEC00BD3679 /* FBLogin.storyboard */,
				683F9B2C22D1FB4A00BD3679 /* FBLoginViewController.swift */,
			);
			path = View;
			sourceTree = "<group>";
		};
		683F9B2422D1F3C000BD3679 /* Extensions */ = {
			isa = PBXGroup;
			children = (
			);
			path = Extensions;
			sourceTree = "<group>";
		};
		683F9B3322D2489A00BD3679 /* Resource */ = {
			isa = PBXGroup;
			children = (
				683F9B3B22D4D30E00BD3679 /* Enum */,
				683F9AF622D1795E00BD3679 /* Info.plist */,
				683F9B3422D248CB00BD3679 /* R.generated.swift */,
				683F9AF322D1795E00BD3679 /* LaunchScreen.storyboard */,
				683F9AF122D1795E00BD3679 /* Assets.xcassets */,
				683F9AFC22D18BCC00BD3679 /* FacebookLoginSample.entitlements */,
			);
			path = Resource;
			sourceTree = "<group>";
		};
		683F9B3B22D4D30E00BD3679 /* Enum */ = {
			isa = PBXGroup;
			children = (
				683F9B3C22D4D31F00BD3679 /* FBParameters.swift */,
			);
			path = Enum;
			sourceTree = "<group>";
		};
		7EA955FD7123A46E88079758 /* Frameworks */ = {
			isa = PBXGroup;
			children = (
				FDD02D8496955547841F8DC2 /* Pods_FacebookLoginSample.framework */,
			);
			name = Frameworks;
			sourceTree = "<group>";
		};
/* End PBXGroup section */

/* Begin PBXNativeTarget section */
		683F9AE622D1795D00BD3679 /* FacebookLoginSample */ = {
			isa = PBXNativeTarget;
			buildConfigurationList = 683F9AF922D1795E00BD3679 /* Build configuration list for PBXNativeTarget "FacebookLoginSample" */;
			buildPhases = (
				3E987519111D6FFDF240D706 /* [CP] Check Pods Manifest.lock */,
				683F9B3222D246F000BD3679 /* ShellScript */,
				683F9AE322D1795D00BD3679 /* Sources */,
				683F9AE422D1795D00BD3679 /* Frameworks */,
				683F9AE522D1795D00BD3679 /* Resources */,
				64AC1E38B5C59B99FE69E1F9 /* [CP] Embed Pods Frameworks */,
			);
			buildRules = (
			);
			dependencies = (
			);
			name = FacebookLoginSample;
			packageProductDependencies = (
				683760F424270F8F0008F2AD /* FacebookLogin */,
				683760F624270F8F0008F2AD /* FacebookCore */,
			);
			productName = FacebookLoginSample;
			productReference = 683F9AE722D1795D00BD3679 /* FacebookLoginSample.app */;
			productType = "com.apple.product-type.application";
		};
/* End PBXNativeTarget section */

/* Begin PBXProject section */
		683F9ADF22D1795D00BD3679 /* Project object */ = {
			isa = PBXProject;
			attributes = {
				LastSwiftUpdateCheck = 1020;
				LastUpgradeCheck = 1020;
				ORGANIZATIONNAME = hiroshi;
				TargetAttributes = {
					683F9AE622D1795D00BD3679 = {
						CreatedOnToolsVersion = 10.2.1;
						SystemCapabilities = {
							com.apple.Keychain = {
								enabled = 1;
							};
						};
					};
				};
			};
			buildConfigurationList = 683F9AE222D1795D00BD3679 /* Build configuration list for PBXProject "FacebookLoginSample" */;
			compatibilityVersion = "Xcode 9.3";
			developmentRegion = en;
			hasScannedForEncodings = 0;
			knownRegions = (
				en,
				Base,
			);
			mainGroup = 683F9ADE22D1795D00BD3679;
			packageReferences = (
				683760F324270F8F0008F2AD /* XCRemoteSwiftPackageReference "facebook-ios-sdk" */,
			);
			productRefGroup = 683F9AE822D1795D00BD3679 /* Products */;
			projectDirPath = "";
			projectRoot = "";
			targets = (
				683F9AE622D1795D00BD3679 /* FacebookLoginSample */,
			);
		};
/* End PBXProject section */

/* Begin PBXResourcesBuildPhase section */
		683F9AE522D1795D00BD3679 /* Resources */ = {
			isa = PBXResourcesBuildPhase;
			buildActionMask = 2147483647;
			files = (
				683F9AF522D1795E00BD3679 /* LaunchScreen.storyboard in Resources */,
				683F9AF222D1795E00BD3679 /* Assets.xcassets in Resources */,
				683F9B2B22D1FAEC00BD3679 /* FBLogin.storyboard in Resources */,
				683F9AF022D1795D00BD3679 /* Main.storyboard in Resources */,
			);
			runOnlyForDeploymentPostprocessing = 0;
		};
/* End PBXResourcesBuildPhase section */

/* Begin PBXShellScriptBuildPhase section */
		3E987519111D6FFDF240D706 /* [CP] Check Pods Manifest.lock */ = {
			isa = PBXShellScriptBuildPhase;
			buildActionMask = 2147483647;
			files = (
			);
			inputFileListPaths = (
			);
			inputPaths = (
				"${PODS_PODFILE_DIR_PATH}/Podfile.lock",
				"${PODS_ROOT}/Manifest.lock",
			);
			name = "[CP] Check Pods Manifest.lock";
			outputFileListPaths = (
			);
			outputPaths = (
				"$(DERIVED_FILE_DIR)/Pods-FacebookLoginSample-checkManifestLockResult.txt",
			);
			runOnlyForDeploymentPostprocessing = 0;
			shellPath = /bin/sh;
			shellScript = "diff \"${PODS_PODFILE_DIR_PATH}/Podfile.lock\" \"${PODS_ROOT}/Manifest.lock\" > /dev/null\nif [ $? != 0 ] ; then\n    # print error to STDERR\n    echo \"error: The sandbox is not in sync with the Podfile.lock. Run 'pod install' or update your CocoaPods installation.\" >&2\n    exit 1\nfi\n# This output is used by Xcode 'outputs' to avoid re-running this script phase.\necho \"SUCCESS\" > \"${SCRIPT_OUTPUT_FILE_0}\"\n";
			showEnvVarsInLog = 0;
		};
		64AC1E38B5C59B99FE69E1F9 /* [CP] Embed Pods Frameworks */ = {
			isa = PBXShellScriptBuildPhase;
			buildActionMask = 2147483647;
			files = (
			);
			inputFileListPaths = (
				"${PODS_ROOT}/Target Support Files/Pods-FacebookLoginSample/Pods-FacebookLoginSample-frameworks-${CONFIGURATION}-input-files.xcfilelist",
			);
			name = "[CP] Embed Pods Frameworks";
			outputFileListPaths = (
				"${PODS_ROOT}/Target Support Files/Pods-FacebookLoginSample/Pods-FacebookLoginSample-frameworks-${CONFIGURATION}-output-files.xcfilelist",
			);
			runOnlyForDeploymentPostprocessing = 0;
			shellPath = /bin/sh;
			shellScript = "\"${PODS_ROOT}/Target Support Files/Pods-FacebookLoginSample/Pods-FacebookLoginSample-frameworks.sh\"\n";
			showEnvVarsInLog = 0;
		};
		683F9B3222D246F000BD3679 /* ShellScript */ = {
			isa = PBXShellScriptBuildPhase;
			buildActionMask = 2147483647;
			files = (
			);
			inputFileListPaths = (
			);
			inputPaths = (
				"$TEMP_DIR/rswift-lastrun",
			);
			outputFileListPaths = (
			);
			outputPaths = (
				$SRCROOT/R.generated.swift,
			);
			runOnlyForDeploymentPostprocessing = 0;
			shellPath = /bin/sh;
			shellScript = "\"$PODS_ROOT/R.swift/rswift\" generate \"$SRCROOT/R.generated.swift\"\n\n";
		};
/* End PBXShellScriptBuildPhase section */

/* Begin PBXSourcesBuildPhase section */
		683F9AE322D1795D00BD3679 /* Sources */ = {
			isa = PBXSourcesBuildPhase;
			buildActionMask = 2147483647;
			files = (
				683F9B2322D1F1FF00BD3679 /* FBLoingContract.swift in Sources */,
				683F9B2922D1FA8800BD3679 /* FBLoginRouter.swift in Sources */,
				683F9B3922D259C500BD3679 /* RootRouter.swift in Sources */,
				683F9B2D22D1FB4A00BD3679 /* FBLoginViewController.swift in Sources */,
				683F9B1522D1C09100BD3679 /* User.swift in Sources */,
				683F9B3722D2595A00BD3679 /* RootWireframe.swift in Sources */,
				683F9B2F22D2319C00BD3679 /* FBLoginInteractor.swift in Sources */,
				683F9B3522D248CB00BD3679 /* R.generated.swift in Sources */,
				683F9B3122D2373900BD3679 /* FBLoginPresenter.swift in Sources */,
				683F9AEB22D1795D00BD3679 /* AppDelegate.swift in Sources */,
				683F9B3D22D4D31F00BD3679 /* FBParameters.swift in Sources */,
			);
			runOnlyForDeploymentPostprocessing = 0;
		};
/* End PBXSourcesBuildPhase section */

/* Begin PBXVariantGroup section */
		683F9AEE22D1795D00BD3679 /* Main.storyboard */ = {
			isa = PBXVariantGroup;
			children = (
				683F9AEF22D1795D00BD3679 /* Base */,
			);
			name = Main.storyboard;
			sourceTree = "<group>";
		};
		683F9AF322D1795E00BD3679 /* LaunchScreen.storyboard */ = {
			isa = PBXVariantGroup;
			children = (
				683F9AF422D1795E00BD3679 /* Base */,
			);
			name = LaunchScreen.storyboard;
			sourceTree = "<group>";
		};
/* End PBXVariantGroup section */

/* Begin XCBuildConfiguration section */
		683F9AF722D1795E00BD3679 /* Debug */ = {
			isa = XCBuildConfiguration;
			buildSettings = {
				ALWAYS_SEARCH_USER_PATHS = NO;
				CLANG_ANALYZER_NONNULL = YES;
				CLANG_ANALYZER_NUMBER_OBJECT_CONVERSION = YES_AGGRESSIVE;
				CLANG_CXX_LANGUAGE_STANDARD = "gnu++14";
				CLANG_CXX_LIBRARY = "libc++";
				CLANG_ENABLE_MODULES = YES;
				CLANG_ENABLE_OBJC_ARC = YES;
				CLANG_ENABLE_OBJC_WEAK = YES;
				CLANG_WARN_BLOCK_CAPTURE_AUTORELEASING = YES;
				CLANG_WARN_BOOL_CONVERSION = YES;
				CLANG_WARN_COMMA = YES;
				CLANG_WARN_CONSTANT_CONVERSION = YES;
				CLANG_WARN_DEPRECATED_OBJC_IMPLEMENTATIONS = YES;
				CLANG_WARN_DIRECT_OBJC_ISA_USAGE = YES_ERROR;
				CLANG_WARN_DOCUMENTATION_COMMENTS = YES;
				CLANG_WARN_EMPTY_BODY = YES;
				CLANG_WARN_ENUM_CONVERSION = YES;
				CLANG_WARN_INFINITE_RECURSION = YES;
				CLANG_WARN_INT_CONVERSION = YES;
				CLANG_WARN_NON_LITERAL_NULL_CONVERSION = YES;
				CLANG_WARN_OBJC_IMPLICIT_RETAIN_SELF = YES;
				CLANG_WARN_OBJC_LITERAL_CONVERSION = YES;
				CLANG_WARN_OBJC_ROOT_CLASS = YES_ERROR;
				CLANG_WARN_RANGE_LOOP_ANALYSIS = YES;
				CLANG_WARN_STRICT_PROTOTYPES = YES;
				CLANG_WARN_SUSPICIOUS_MOVE = YES;
				CLANG_WARN_UNGUARDED_AVAILABILITY = YES_AGGRESSIVE;
				CLANG_WARN_UNREACHABLE_CODE = YES;
				CLANG_WARN__DUPLICATE_METHOD_MATCH = YES;
				CODE_SIGN_IDENTITY = "iPhone Developer";
				COPY_PHASE_STRIP = NO;
				DEBUG_INFORMATION_FORMAT = dwarf;
				ENABLE_STRICT_OBJC_MSGSEND = YES;
				ENABLE_TESTABILITY = YES;
				GCC_C_LANGUAGE_STANDARD = gnu11;
				GCC_DYNAMIC_NO_PIC = NO;
				GCC_NO_COMMON_BLOCKS = YES;
				GCC_OPTIMIZATION_LEVEL = 0;
				GCC_PREPROCESSOR_DEFINITIONS = (
					"DEBUG=1",
					"$(inherited)",
				);
				GCC_WARN_64_TO_32_BIT_CONVERSION = YES;
				GCC_WARN_ABOUT_RETURN_TYPE = YES_ERROR;
				GCC_WARN_UNDECLARED_SELECTOR = YES;
				GCC_WARN_UNINITIALIZED_AUTOS = YES_AGGRESSIVE;
				GCC_WARN_UNUSED_FUNCTION = YES;
				GCC_WARN_UNUSED_VARIABLE = YES;
				IPHONEOS_DEPLOYMENT_TARGET = 12.2;
				MTL_ENABLE_DEBUG_INFO = INCLUDE_SOURCE;
				MTL_FAST_MATH = YES;
				ONLY_ACTIVE_ARCH = YES;
				SDKROOT = iphoneos;
				SWIFT_ACTIVE_COMPILATION_CONDITIONS = DEBUG;
				SWIFT_OPTIMIZATION_LEVEL = "-Onone";
			};
			name = Debug;
		};
		683F9AF822D1795E00BD3679 /* Release */ = {
			isa = XCBuildConfiguration;
			buildSettings = {
				ALWAYS_SEARCH_USER_PATHS = NO;
				CLANG_ANALYZER_NONNULL = YES;
				CLANG_ANALYZER_NUMBER_OBJECT_CONVERSION = YES_AGGRESSIVE;
				CLANG_CXX_LANGUAGE_STANDARD = "gnu++14";
				CLANG_CXX_LIBRARY = "libc++";
				CLANG_ENABLE_MODULES = YES;
				CLANG_ENABLE_OBJC_ARC = YES;
				CLANG_ENABLE_OBJC_WEAK = YES;
				CLANG_WARN_BLOCK_CAPTURE_AUTORELEASING = YES;
				CLANG_WARN_BOOL_CONVERSION = YES;
				CLANG_WARN_COMMA = YES;
				CLANG_WARN_CONSTANT_CONVERSION = YES;
				CLANG_WARN_DEPRECATED_OBJC_IMPLEMENTATIONS = YES;
				CLANG_WARN_DIRECT_OBJC_ISA_USAGE = YES_ERROR;
				CLANG_WARN_DOCUMENTATION_COMMENTS = YES;
				CLANG_WARN_EMPTY_BODY = YES;
				CLANG_WARN_ENUM_CONVERSION = YES;
				CLANG_WARN_INFINITE_RECURSION = YES;
				CLANG_WARN_INT_CONVERSION = YES;
				CLANG_WARN_NON_LITERAL_NULL_CONVERSION = YES;
				CLANG_WARN_OBJC_IMPLICIT_RETAIN_SELF = YES;
				CLANG_WARN_OBJC_LITERAL_CONVERSION = YES;
				CLANG_WARN_OBJC_ROOT_CLASS = YES_ERROR;
				CLANG_WARN_RANGE_LOOP_ANALYSIS = YES;
				CLANG_WARN_STRICT_PROTOTYPES = YES;
				CLANG_WARN_SUSPICIOUS_MOVE = YES;
				CLANG_WARN_UNGUARDED_AVAILABILITY = YES_AGGRESSIVE;
				CLANG_WARN_UNREACHABLE_CODE = YES;
				CLANG_WARN__DUPLICATE_METHOD_MATCH = YES;
				CODE_SIGN_IDENTITY = "iPhone Developer";
				COPY_PHASE_STRIP = NO;
				DEBUG_INFORMATION_FORMAT = "dwarf-with-dsym";
				ENABLE_NS_ASSERTIONS = NO;
				ENABLE_STRICT_OBJC_MSGSEND = YES;
				GCC_C_LANGUAGE_STANDARD = gnu11;
				GCC_NO_COMMON_BLOCKS = YES;
				GCC_WARN_64_TO_32_BIT_CONVERSION = YES;
				GCC_WARN_ABOUT_RETURN_TYPE = YES_ERROR;
				GCC_WARN_UNDECLARED_SELECTOR = YES;
				GCC_WARN_UNINITIALIZED_AUTOS = YES_AGGRESSIVE;
				GCC_WARN_UNUSED_FUNCTION = YES;
				GCC_WARN_UNUSED_VARIABLE = YES;
				IPHONEOS_DEPLOYMENT_TARGET = 12.2;
				MTL_ENABLE_DEBUG_INFO = NO;
				MTL_FAST_MATH = YES;
				SDKROOT = iphoneos;
				SWIFT_COMPILATION_MODE = wholemodule;
				SWIFT_OPTIMIZATION_LEVEL = "-O";
				VALIDATE_PRODUCT = YES;
			};
			name = Release;
		};
		683F9AFA22D1795E00BD3679 /* Debug */ = {
			isa = XCBuildConfiguration;
			baseConfigurationReference = 941A834B158C03D53D531B71 /* Pods-FacebookLoginSample.debug.xcconfig */;
			buildSettings = {
				ASSETCATALOG_COMPILER_APPICON_NAME = AppIcon;
				CODE_SIGN_ENTITLEMENTS = FacebookLoginSample/Resource/FacebookLoginSample.entitlements;
				CODE_SIGN_IDENTITY = "iPhone Developer";
				CODE_SIGN_STYLE = Automatic;
				DEVELOPMENT_TEAM = SN5DS5FR82;
				INFOPLIST_FILE = FacebookLoginSample/Resource/Info.plist;
				IPHONEOS_DEPLOYMENT_TARGET = 10.0;
				LD_RUNPATH_SEARCH_PATHS = (
					"$(inherited)",
					"@executable_path/Frameworks",
				);
				PRODUCT_BUNDLE_IDENTIFIER = jp.veldt.FacebookLoginSample;
				PRODUCT_NAME = "$(TARGET_NAME)";
				PROVISIONING_PROFILE_SPECIFIER = "";
				SWIFT_VERSION = 5.0;
				TARGETED_DEVICE_FAMILY = "1,2";
			};
			name = Debug;
		};
		683F9AFB22D1795E00BD3679 /* Release */ = {
			isa = XCBuildConfiguration;
			baseConfigurationReference = A96FECA15E2F46914A2B158A /* Pods-FacebookLoginSample.release.xcconfig */;
			buildSettings = {
				ASSETCATALOG_COMPILER_APPICON_NAME = AppIcon;
				CODE_SIGN_ENTITLEMENTS = FacebookLoginSample/Resource/FacebookLoginSample.entitlements;
				CODE_SIGN_IDENTITY = "iPhone Developer";
				CODE_SIGN_STYLE = Automatic;
				DEVELOPMENT_TEAM = SN5DS5FR82;
				INFOPLIST_FILE = FacebookLoginSample/Resource/Info.plist;
				IPHONEOS_DEPLOYMENT_TARGET = 10.0;
				LD_RUNPATH_SEARCH_PATHS = (
					"$(inherited)",
					"@executable_path/Frameworks",
				);
				PRODUCT_BUNDLE_IDENTIFIER = jp.veldt.FacebookLoginSample;
				PRODUCT_NAME = "$(TARGET_NAME)";
				PROVISIONING_PROFILE_SPECIFIER = "";
				SWIFT_VERSION = 5.0;
				TARGETED_DEVICE_FAMILY = "1,2";
			};
			name = Release;
		};
/* End XCBuildConfiguration section */

/* Begin XCConfigurationList section */
		683F9AE222D1795D00BD3679 /* Build configuration list for PBXProject "FacebookLoginSample" */ = {
			isa = XCConfigurationList;
			buildConfigurations = (
				683F9AF722D1795E00BD3679 /* Debug */,
				683F9AF822D1795E00BD3679 /* Release */,
			);
			defaultConfigurationIsVisible = 0;
			defaultConfigurationName = Release;
		};
		683F9AF922D1795E00BD3679 /* Build configuration list for PBXNativeTarget "FacebookLoginSample" */ = {
			isa = XCConfigurationList;
			buildConfigurations = (
				683F9AFA22D1795E00BD3679 /* Debug */,
				683F9AFB22D1795E00BD3679 /* Release */,
			);
			defaultConfigurationIsVisible = 0;
			defaultConfigurationName = Release;
		};
/* End XCConfigurationList section */

/* Begin XCRemoteSwiftPackageReference section */
		683760F324270F8F0008F2AD /* XCRemoteSwiftPackageReference "facebook-ios-sdk" */ = {
			isa = XCRemoteSwiftPackageReference;
			repositoryURL = "https://github.com/facebook/facebook-ios-sdk";
			requirement = {
				kind = exactVersion;
				version = 6.2.0;
			};
		};
/* End XCRemoteSwiftPackageReference section */

/* Begin XCSwiftPackageProductDependency section */
		683760F424270F8F0008F2AD /* FacebookLogin */ = {
			isa = XCSwiftPackageProductDependency;
			package = 683760F324270F8F0008F2AD /* XCRemoteSwiftPackageReference "facebook-ios-sdk" */;
			productName = FacebookLogin;
		};
		683760F624270F8F0008F2AD /* FacebookCore */ = {
			isa = XCSwiftPackageProductDependency;
			package = 683760F324270F8F0008F2AD /* XCRemoteSwiftPackageReference "facebook-ios-sdk" */;
			productName = FacebookCore;
		};
/* End XCSwiftPackageProductDependency section */
	};
	rootObject = 683F9ADF22D1795D00BD3679 /* Project object */;
}
